// !$*UTF8*$!
{
	archiveVersion = 1;
	classes = {
	};
	objectVersion = 56;
	objects = {

/* Begin PBXBuildFile section */
		C954EACF29B0ABB40013FE49 /* NodeItemsApp.swift in Sources */ = {isa = PBXBuildFile; fileRef = C954EACE29B0ABB40013FE49 /* NodeItemsApp.swift */; };
		C954EAD129B0ABB40013FE49 /* ContentView.swift in Sources */ = {isa = PBXBuildFile; fileRef = C954EAD029B0ABB40013FE49 /* ContentView.swift */; };
		C954EAD329B0ABB50013FE49 /* Assets.xcassets in Resources */ = {isa = PBXBuildFile; fileRef = C954EAD229B0ABB50013FE49 /* Assets.xcassets */; };
		C954EAD729B0ABB50013FE49 /* Preview Assets.xcassets in Resources */ = {isa = PBXBuildFile; fileRef = C954EAD629B0ABB50013FE49 /* Preview Assets.xcassets */; };
		C954EADF29B0ABD20013FE49 /* Node.swift in Sources */ = {isa = PBXBuildFile; fileRef = C954EADE29B0ABD20013FE49 /* Node.swift */; };
		C954EAE129B0B3EB0013FE49 /* Int+Node.swift in Sources */ = {isa = PBXBuildFile; fileRef = C954EAE029B0B3EB0013FE49 /* Int+Node.swift */; };
		C954EAE429B0BC2C0013FE49 /* String+Node.swift in Sources */ = {isa = PBXBuildFile; fileRef = C954EAE329B0BC2C0013FE49 /* String+Node.swift */; };
		C954EAE929B0D0240013FE49 /* NodeListBuilder.swift in Sources */ = {isa = PBXBuildFile; fileRef = C954EAE829B0D0240013FE49 /* NodeListBuilder.swift */; };
		C954EAEE29B0DE560013FE49 /* NodeView.swift in Sources */ = {isa = PBXBuildFile; fileRef = C954EAED29B0DE560013FE49 /* NodeView.swift */; };
		C954EAF029B0F36E0013FE49 /* SampleModel.swift in Sources */ = {isa = PBXBuildFile; fileRef = C954EAEF29B0F36E0013FE49 /* SampleModel.swift */; };
		C954EAF229B0F5B20013FE49 /* SFSymbol.swift in Sources */ = {isa = PBXBuildFile; fileRef = C954EAF129B0F5B20013FE49 /* SFSymbol.swift */; };
		C96F2C6229B283FC00A80992 /* NodeLabel.swift in Sources */ = {isa = PBXBuildFile; fileRef = C96F2C6129B283FC00A80992 /* NodeLabel.swift */; };
		C9BD08E829B20EC900F70313 /* FilteredNode.swift in Sources */ = {isa = PBXBuildFile; fileRef = C9BD08E729B20EC900F70313 /* FilteredNode.swift */; };
		C9BD08EF29B22DCC00F70313 /* FilteredNodeView.swift in Sources */ = {isa = PBXBuildFile; fileRef = C9BD08EE29B22DCC00F70313 /* FilteredNodeView.swift */; };
/* End PBXBuildFile section */

/* Begin PBXFileReference section */
		C954EACB29B0ABB40013FE49 /* NodeItems.app */ = {isa = PBXFileReference; explicitFileType = wrapper.application; includeInIndex = 0; path = NodeItems.app; sourceTree = BUILT_PRODUCTS_DIR; };
		C954EACE29B0ABB40013FE49 /* NodeItemsApp.swift */ = {isa = PBXFileReference; lastKnownFileType = sourcecode.swift; path = NodeItemsApp.swift; sourceTree = "<group>"; };
		C954EAD029B0ABB40013FE49 /* ContentView.swift */ = {isa = PBXFileReference; lastKnownFileType = sourcecode.swift; path = ContentView.swift; sourceTree = "<group>"; };
		C954EAD229B0ABB50013FE49 /* Assets.xcassets */ = {isa = PBXFileReference; lastKnownFileType = folder.assetcatalog; path = Assets.xcassets; sourceTree = "<group>"; };
		C954EAD429B0ABB50013FE49 /* NodeItems.entitlements */ = {isa = PBXFileReference; lastKnownFileType = text.plist.entitlements; path = NodeItems.entitlements; sourceTree = "<group>"; };
		C954EAD629B0ABB50013FE49 /* Preview Assets.xcassets */ = {isa = PBXFileReference; lastKnownFileType = folder.assetcatalog; path = "Preview Assets.xcassets"; sourceTree = "<group>"; };
		C954EADE29B0ABD20013FE49 /* Node.swift */ = {isa = PBXFileReference; lastKnownFileType = sourcecode.swift; path = Node.swift; sourceTree = "<group>"; };
		C954EAE029B0B3EB0013FE49 /* Int+Node.swift */ = {isa = PBXFileReference; lastKnownFileType = sourcecode.swift; path = "Int+Node.swift"; sourceTree = "<group>"; };
		C954EAE329B0BC2C0013FE49 /* String+Node.swift */ = {isa = PBXFileReference; lastKnownFileType = sourcecode.swift; path = "String+Node.swift"; sourceTree = "<group>"; };
		C954EAE829B0D0240013FE49 /* NodeListBuilder.swift */ = {isa = PBXFileReference; lastKnownFileType = sourcecode.swift; path = NodeListBuilder.swift; sourceTree = "<group>"; };
		C954EAED29B0DE560013FE49 /* NodeView.swift */ = {isa = PBXFileReference; lastKnownFileType = sourcecode.swift; path = NodeView.swift; sourceTree = "<group>"; };
		C954EAEF29B0F36E0013FE49 /* SampleModel.swift */ = {isa = PBXFileReference; lastKnownFileType = sourcecode.swift; path = SampleModel.swift; sourceTree = "<group>"; };
		C954EAF129B0F5B20013FE49 /* SFSymbol.swift */ = {isa = PBXFileReference; lastKnownFileType = sourcecode.swift; path = SFSymbol.swift; sourceTree = "<group>"; };
		C96F2C6129B283FC00A80992 /* NodeLabel.swift */ = {isa = PBXFileReference; lastKnownFileType = sourcecode.swift; path = NodeLabel.swift; sourceTree = "<group>"; };
		C9BD08E729B20EC900F70313 /* FilteredNode.swift */ = {isa = PBXFileReference; lastKnownFileType = sourcecode.swift; path = FilteredNode.swift; sourceTree = "<group>"; };
		C9BD08EE29B22DCC00F70313 /* FilteredNodeView.swift */ = {isa = PBXFileReference; lastKnownFileType = sourcecode.swift; path = FilteredNodeView.swift; sourceTree = "<group>"; };
/* End PBXFileReference section */

/* Begin PBXFrameworksBuildPhase section */
		C954EAC829B0ABB40013FE49 /* Frameworks */ = {
			isa = PBXFrameworksBuildPhase;
			buildActionMask = 2147483647;
			files = (
			);
			runOnlyForDeploymentPostprocessing = 0;
		};
/* End PBXFrameworksBuildPhase section */

/* Begin PBXGroup section */
		C954EAC229B0ABB40013FE49 = {
			isa = PBXGroup;
			children = (
				C954EACD29B0ABB40013FE49 /* NodeItems */,
				C954EACC29B0ABB40013FE49 /* Products */,
			);
			indentWidth = 4;
			sourceTree = "<group>";
			tabWidth = 4;
		};
		C954EACC29B0ABB40013FE49 /* Products */ = {
			isa = PBXGroup;
			children = (
				C954EACB29B0ABB40013FE49 /* NodeItems.app */,
			);
			name = Products;
			sourceTree = "<group>";
		};
		C954EACD29B0ABB40013FE49 /* NodeItems */ = {
			isa = PBXGroup;
			children = (
				C954EACE29B0ABB40013FE49 /* NodeItemsApp.swift */,
				C954EAD029B0ABB40013FE49 /* ContentView.swift */,
				C954EAEF29B0F36E0013FE49 /* SampleModel.swift */,
				C954EADD29B0ABC00013FE49 /* Node */,
				C954EAEA29B0DE0F0013FE49 /* Views */,
				C954EAD229B0ABB50013FE49 /* Assets.xcassets */,
				C954EAD429B0ABB50013FE49 /* NodeItems.entitlements */,
				C954EAD529B0ABB50013FE49 /* Preview Content */,
			);
			path = NodeItems;
			sourceTree = "<group>";
		};
		C954EAD529B0ABB50013FE49 /* Preview Content */ = {
			isa = PBXGroup;
			children = (
				C954EAD629B0ABB50013FE49 /* Preview Assets.xcassets */,
			);
			path = "Preview Content";
			sourceTree = "<group>";
		};
		C954EADD29B0ABC00013FE49 /* Node */ = {
			isa = PBXGroup;
			children = (
				C954EAE229B0B3F00013FE49 /* Conforming */,
				C954EADE29B0ABD20013FE49 /* Node.swift */,
				C9BD08E729B20EC900F70313 /* FilteredNode.swift */,
				C954EAE829B0D0240013FE49 /* NodeListBuilder.swift */,
			);
			path = Node;
			sourceTree = "<group>";
		};
		C954EAE229B0B3F00013FE49 /* Conforming */ = {
			isa = PBXGroup;
			children = (
				C954EAE029B0B3EB0013FE49 /* Int+Node.swift */,
				C954EAE329B0BC2C0013FE49 /* String+Node.swift */,
				C954EAF129B0F5B20013FE49 /* SFSymbol.swift */,
			);
			path = Conforming;
			sourceTree = "<group>";
		};
		C954EAEA29B0DE0F0013FE49 /* Views */ = {
			isa = PBXGroup;
			children = (
				C9BD08EE29B22DCC00F70313 /* FilteredNodeView.swift */,
				C954EAED29B0DE560013FE49 /* NodeView.swift */,
				C96F2C6129B283FC00A80992 /* NodeLabel.swift */,
			);
			path = Views;
			sourceTree = "<group>";
		};
/* End PBXGroup section */

/* Begin PBXNativeTarget section */
		C954EACA29B0ABB40013FE49 /* NodeItems */ = {
			isa = PBXNativeTarget;
			buildConfigurationList = C954EADA29B0ABB50013FE49 /* Build configuration list for PBXNativeTarget "NodeItems" */;
			buildPhases = (
				C954EAC729B0ABB40013FE49 /* Sources */,
				C954EAC829B0ABB40013FE49 /* Frameworks */,
				C954EAC929B0ABB40013FE49 /* Resources */,
			);
			buildRules = (
			);
			dependencies = (
			);
			name = NodeItems;
			productName = NodeItems;
			productReference = C954EACB29B0ABB40013FE49 /* NodeItems.app */;
			productType = "com.apple.product-type.application";
		};
/* End PBXNativeTarget section */

/* Begin PBXProject section */
		C954EAC329B0ABB40013FE49 /* Project object */ = {
			isa = PBXProject;
			attributes = {
				BuildIndependentTargetsInParallel = 1;
				LastSwiftUpdateCheck = 1420;
				LastUpgradeCheck = 1420;
				TargetAttributes = {
					C954EACA29B0ABB40013FE49 = {
						CreatedOnToolsVersion = 14.2;
					};
				};
			};
			buildConfigurationList = C954EAC629B0ABB40013FE49 /* Build configuration list for PBXProject "NodeItems" */;
			compatibilityVersion = "Xcode 14.0";
			developmentRegion = en;
			hasScannedForEncodings = 0;
			knownRegions = (
				en,
				Base,
			);
			mainGroup = C954EAC229B0ABB40013FE49;
			productRefGroup = C954EACC29B0ABB40013FE49 /* Products */;
			projectDirPath = "";
			projectRoot = "";
			targets = (
				C954EACA29B0ABB40013FE49 /* NodeItems */,
			);
		};
/* End PBXProject section */

/* Begin PBXResourcesBuildPhase section */
		C954EAC929B0ABB40013FE49 /* Resources */ = {
			isa = PBXResourcesBuildPhase;
			buildActionMask = 2147483647;
			files = (
				C954EAD729B0ABB50013FE49 /* Preview Assets.xcassets in Resources */,
				C954EAD329B0ABB50013FE49 /* Assets.xcassets in Resources */,
			);
			runOnlyForDeploymentPostprocessing = 0;
		};
/* End PBXResourcesBuildPhase section */

/* Begin PBXSourcesBuildPhase section */
		C954EAC729B0ABB40013FE49 /* Sources */ = {
			isa = PBXSourcesBuildPhase;
			buildActionMask = 2147483647;
			files = (
				C9BD08E829B20EC900F70313 /* FilteredNode.swift in Sources */,
				C954EADF29B0ABD20013FE49 /* Node.swift in Sources */,
				C954EAE129B0B3EB0013FE49 /* Int+Node.swift in Sources */,
				C954EAE429B0BC2C0013FE49 /* String+Node.swift in Sources */,
				C9BD08EF29B22DCC00F70313 /* FilteredNodeView.swift in Sources */,
				C954EAD129B0ABB40013FE49 /* ContentView.swift in Sources */,
				C954EAE929B0D0240013FE49 /* NodeListBuilder.swift in Sources */,
				C954EAEE29B0DE560013FE49 /* NodeView.swift in Sources */,
				C96F2C6229B283FC00A80992 /* NodeLabel.swift in Sources */,
				C954EACF29B0ABB40013FE49 /* NodeItemsApp.swift in Sources */,
				C954EAF029B0F36E0013FE49 /* SampleModel.swift in Sources */,
				C954EAF229B0F5B20013FE49 /* SFSymbol.swift in Sources */,
			);
			runOnlyForDeploymentPostprocessing = 0;
		};
/* End PBXSourcesBuildPhase section */

/* Begin XCBuildConfiguration section */
		C954EAD829B0ABB50013FE49 /* Debug */ = {
			isa = XCBuildConfiguration;
			buildSettings = {
				ALWAYS_SEARCH_USER_PATHS = NO;
				CLANG_ANALYZER_NONNULL = YES;
				CLANG_ANALYZER_NUMBER_OBJECT_CONVERSION = YES_AGGRESSIVE;
				CLANG_CXX_LANGUAGE_STANDARD = "gnu++20";
				CLANG_ENABLE_MODULES = YES;
				CLANG_ENABLE_OBJC_ARC = YES;
				CLANG_ENABLE_OBJC_WEAK = YES;
				CLANG_WARN_BLOCK_CAPTURE_AUTORELEASING = YES;
				CLANG_WARN_BOOL_CONVERSION = YES;
				CLANG_WARN_COMMA = YES;
				CLANG_WARN_CONSTANT_CONVERSION = YES;
				CLANG_WARN_DEPRECATED_OBJC_IMPLEMENTATIONS = YES;
				CLANG_WARN_DIRECT_OBJC_ISA_USAGE = YES_ERROR;
				CLANG_WARN_DOCUMENTATION_COMMENTS = YES;
				CLANG_WARN_EMPTY_BODY = YES;
				CLANG_WARN_ENUM_CONVERSION = YES;
				CLANG_WARN_INFINITE_RECURSION = YES;
				CLANG_WARN_INT_CONVERSION = YES;
				CLANG_WARN_NON_LITERAL_NULL_CONVERSION = YES;
				CLANG_WARN_OBJC_IMPLICIT_RETAIN_SELF = YES;
				CLANG_WARN_OBJC_LITERAL_CONVERSION = YES;
				CLANG_WARN_OBJC_ROOT_CLASS = YES_ERROR;
				CLANG_WARN_QUOTED_INCLUDE_IN_FRAMEWORK_HEADER = YES;
				CLANG_WARN_RANGE_LOOP_ANALYSIS = YES;
				CLANG_WARN_STRICT_PROTOTYPES = YES;
				CLANG_WARN_SUSPICIOUS_MOVE = YES;
				CLANG_WARN_UNGUARDED_AVAILABILITY = YES_AGGRESSIVE;
				CLANG_WARN_UNREACHABLE_CODE = YES;
				CLANG_WARN__DUPLICATE_METHOD_MATCH = YES;
				COPY_PHASE_STRIP = NO;
				DEBUG_INFORMATION_FORMAT = dwarf;
				ENABLE_STRICT_OBJC_MSGSEND = YES;
				ENABLE_TESTABILITY = YES;
				GCC_C_LANGUAGE_STANDARD = gnu11;
				GCC_DYNAMIC_NO_PIC = NO;
				GCC_NO_COMMON_BLOCKS = YES;
				GCC_OPTIMIZATION_LEVEL = 0;
				GCC_PREPROCESSOR_DEFINITIONS = (
					"DEBUG=1",
					"$(inherited)",
				);
				GCC_WARN_64_TO_32_BIT_CONVERSION = YES;
				GCC_WARN_ABOUT_RETURN_TYPE = YES_ERROR;
				GCC_WARN_UNDECLARED_SELECTOR = YES;
				GCC_WARN_UNINITIALIZED_AUTOS = YES_AGGRESSIVE;
				GCC_WARN_UNUSED_FUNCTION = YES;
				GCC_WARN_UNUSED_VARIABLE = YES;
				MTL_ENABLE_DEBUG_INFO = INCLUDE_SOURCE;
				MTL_FAST_MATH = YES;
				ONLY_ACTIVE_ARCH = YES;
				SWIFT_ACTIVE_COMPILATION_CONDITIONS = DEBUG;
				SWIFT_OPTIMIZATION_LEVEL = "-Onone";
			};
			name = Debug;
		};
		C954EAD929B0ABB50013FE49 /* Release */ = {
			isa = XCBuildConfiguration;
			buildSettings = {
				ALWAYS_SEARCH_USER_PATHS = NO;
				CLANG_ANALYZER_NONNULL = YES;
				CLANG_ANALYZER_NUMBER_OBJECT_CONVERSION = YES_AGGRESSIVE;
				CLANG_CXX_LANGUAGE_STANDARD = "gnu++20";
				CLANG_ENABLE_MODULES = YES;
				CLANG_ENABLE_OBJC_ARC = YES;
				CLANG_ENABLE_OBJC_WEAK = YES;
				CLANG_WARN_BLOCK_CAPTURE_AUTORELEASING = YES;
				CLANG_WARN_BOOL_CONVERSION = YES;
				CLANG_WARN_COMMA = YES;
				CLANG_WARN_CONSTANT_CONVERSION = YES;
				CLANG_WARN_DEPRECATED_OBJC_IMPLEMENTATIONS = YES;
				CLANG_WARN_DIRECT_OBJC_ISA_USAGE = YES_ERROR;
				CLANG_WARN_DOCUMENTATION_COMMENTS = YES;
				CLANG_WARN_EMPTY_BODY = YES;
				CLANG_WARN_ENUM_CONVERSION = YES;
				CLANG_WARN_INFINITE_RECURSION = YES;
				CLANG_WARN_INT_CONVERSION = YES;
				CLANG_WARN_NON_LITERAL_NULL_CONVERSION = YES;
				CLANG_WARN_OBJC_IMPLICIT_RETAIN_SELF = YES;
				CLANG_WARN_OBJC_LITERAL_CONVERSION = YES;
				CLANG_WARN_OBJC_ROOT_CLASS = YES_ERROR;
				CLANG_WARN_QUOTED_INCLUDE_IN_FRAMEWORK_HEADER = YES;
				CLANG_WARN_RANGE_LOOP_ANALYSIS = YES;
				CLANG_WARN_STRICT_PROTOTYPES = YES;
				CLANG_WARN_SUSPICIOUS_MOVE = YES;
				CLANG_WARN_UNGUARDED_AVAILABILITY = YES_AGGRESSIVE;
				CLANG_WARN_UNREACHABLE_CODE = YES;
				CLANG_WARN__DUPLICATE_METHOD_MATCH = YES;
				COPY_PHASE_STRIP = NO;
				DEBUG_INFORMATION_FORMAT = "dwarf-with-dsym";
				ENABLE_NS_ASSERTIONS = NO;
				ENABLE_STRICT_OBJC_MSGSEND = YES;
				GCC_C_LANGUAGE_STANDARD = gnu11;
				GCC_NO_COMMON_BLOCKS = YES;
				GCC_WARN_64_TO_32_BIT_CONVERSION = YES;
				GCC_WARN_ABOUT_RETURN_TYPE = YES_ERROR;
				GCC_WARN_UNDECLARED_SELECTOR = YES;
				GCC_WARN_UNINITIALIZED_AUTOS = YES_AGGRESSIVE;
				GCC_WARN_UNUSED_FUNCTION = YES;
				GCC_WARN_UNUSED_VARIABLE = YES;
				MTL_ENABLE_DEBUG_INFO = NO;
				MTL_FAST_MATH = YES;
				SWIFT_COMPILATION_MODE = wholemodule;
				SWIFT_OPTIMIZATION_LEVEL = "-O";
			};
			name = Release;
		};
		C954EADB29B0ABB50013FE49 /* Debug */ = {
			isa = XCBuildConfiguration;
			buildSettings = {
				ASSETCATALOG_COMPILER_APPICON_NAME = AppIcon;
				ASSETCATALOG_COMPILER_GLOBAL_ACCENT_COLOR_NAME = AccentColor;
				CODE_SIGN_ENTITLEMENTS = NodeItems/NodeItems.entitlements;
				CODE_SIGN_STYLE = Automatic;
				CURRENT_PROJECT_VERSION = 1;
				DEVELOPMENT_ASSET_PATHS = "\"NodeItems/Preview Content\"";
				DEVELOPMENT_TEAM = RBVAEA8U3G;
				ENABLE_HARDENED_RUNTIME = YES;
				ENABLE_PREVIEWS = YES;
				GENERATE_INFOPLIST_FILE = YES;
				"INFOPLIST_KEY_UIApplicationSceneManifest_Generation[sdk=iphoneos*]" = YES;
				"INFOPLIST_KEY_UIApplicationSceneManifest_Generation[sdk=iphonesimulator*]" = YES;
				"INFOPLIST_KEY_UIApplicationSupportsIndirectInputEvents[sdk=iphoneos*]" = YES;
				"INFOPLIST_KEY_UIApplicationSupportsIndirectInputEvents[sdk=iphonesimulator*]" = YES;
				"INFOPLIST_KEY_UILaunchScreen_Generation[sdk=iphoneos*]" = YES;
				"INFOPLIST_KEY_UILaunchScreen_Generation[sdk=iphonesimulator*]" = YES;
				"INFOPLIST_KEY_UIStatusBarStyle[sdk=iphoneos*]" = UIStatusBarStyleDefault;
				"INFOPLIST_KEY_UIStatusBarStyle[sdk=iphonesimulator*]" = UIStatusBarStyleDefault;
				INFOPLIST_KEY_UISupportedInterfaceOrientations_iPad = "UIInterfaceOrientationPortrait UIInterfaceOrientationPortraitUpsideDown UIInterfaceOrientationLandscapeLeft UIInterfaceOrientationLandscapeRight";
				INFOPLIST_KEY_UISupportedInterfaceOrientations_iPhone = "UIInterfaceOrientationPortrait UIInterfaceOrientationLandscapeLeft UIInterfaceOrientationLandscapeRight";
				IPHONEOS_DEPLOYMENT_TARGET = 16.2;
				LD_RUNPATH_SEARCH_PATHS = "@executable_path/Frameworks";
				"LD_RUNPATH_SEARCH_PATHS[sdk=macosx*]" = "@executable_path/../Frameworks";
				MACOSX_DEPLOYMENT_TARGET = 13.1;
				MARKETING_VERSION = 1.0;
				PRODUCT_BUNDLE_IDENTIFIER = com.sgntn.NodeItems;
				PRODUCT_NAME = "$(TARGET_NAME)";
				SDKROOT = auto;
				SUPPORTED_PLATFORMS = "iphoneos iphonesimulator macosx";
				SWIFT_EMIT_LOC_STRINGS = YES;
				SWIFT_VERSION = 5.0;
				TARGETED_DEVICE_FAMILY = "1,2";
			};
			name = Debug;
		};
		C954EADC29B0ABB50013FE49 /* Release */ = {
			isa = XCBuildConfiguration;
			buildSettings = {
				ASSETCATALOG_COMPILER_APPICON_NAME = AppIcon;
				ASSETCATALOG_COMPILER_GLOBAL_ACCENT_COLOR_NAME = AccentColor;
				CODE_SIGN_ENTITLEMENTS = NodeItems/NodeItems.entitlements;
				CODE_SIGN_STYLE = Automatic;
				CURRENT_PROJECT_VERSION = 1;
				DEVELOPMENT_ASSET_PATHS = "\"NodeItems/Preview Content\"";
				DEVELOPMENT_TEAM = RBVAEA8U3G;
				ENABLE_HARDENED_RUNTIME = YES;
				ENABLE_PREVIEWS = YES;
				GENERATE_INFOPLIST_FILE = YES;
				"INFOPLIST_KEY_UIApplicationSceneManifest_Generation[sdk=iphoneos*]" = YES;
				"INFOPLIST_KEY_UIApplicationSceneManifest_Generation[sdk=iphonesimulator*]" = YES;
				"INFOPLIST_KEY_UIApplicationSupportsIndirectInputEvents[sdk=iphoneos*]" = YES;
				"INFOPLIST_KEY_UIApplicationSupportsIndirectInputEvents[sdk=iphonesimulator*]" = YES;
				"INFOPLIST_KEY_UILaunchScreen_Generation[sdk=iphoneos*]" = YES;
				"INFOPLIST_KEY_UILaunchScreen_Generation[sdk=iphonesimulator*]" = YES;
				"INFOPLIST_KEY_UIStatusBarStyle[sdk=iphoneos*]" = UIStatusBarStyleDefault;
				"INFOPLIST_KEY_UIStatusBarStyle[sdk=iphonesimulator*]" = UIStatusBarStyleDefault;
				INFOPLIST_KEY_UISupportedInterfaceOrientations_iPad = "UIInterfaceOrientationPortrait UIInterfaceOrientationPortraitUpsideDown UIInterfaceOrientationLandscapeLeft UIInterfaceOrientationLandscapeRight";
				INFOPLIST_KEY_UISupportedInterfaceOrientations_iPhone = "UIInterfaceOrientationPortrait UIInterfaceOrientationLandscapeLeft UIInterfaceOrientationLandscapeRight";
				IPHONEOS_DEPLOYMENT_TARGET = 16.2;
				LD_RUNPATH_SEARCH_PATHS = "@executable_path/Frameworks";
				"LD_RUNPATH_SEARCH_PATHS[sdk=macosx*]" = "@executable_path/../Frameworks";
				MACOSX_DEPLOYMENT_TARGET = 13.1;
				MARKETING_VERSION = 1.0;
				PRODUCT_BUNDLE_IDENTIFIER = com.sgntn.NodeItems;
				PRODUCT_NAME = "$(TARGET_NAME)";
				SDKROOT = auto;
				SUPPORTED_PLATFORMS = "iphoneos iphonesimulator macosx";
				SWIFT_EMIT_LOC_STRINGS = YES;
				SWIFT_VERSION = 5.0;
				TARGETED_DEVICE_FAMILY = "1,2";
			};
			name = Release;
		};
/* End XCBuildConfiguration section */

/* Begin XCConfigurationList section */
		C954EAC629B0ABB40013FE49 /* Build configuration list for PBXProject "NodeItems" */ = {
			isa = XCConfigurationList;
			buildConfigurations = (
				C954EAD829B0ABB50013FE49 /* Debug */,
				C954EAD929B0ABB50013FE49 /* Release */,
			);
			defaultConfigurationIsVisible = 0;
			defaultConfigurationName = Release;
		};
		C954EADA29B0ABB50013FE49 /* Build configuration list for PBXNativeTarget "NodeItems" */ = {
			isa = XCConfigurationList;
			buildConfigurations = (
				C954EADB29B0ABB50013FE49 /* Debug */,
				C954EADC29B0ABB50013FE49 /* Release */,
			);
			defaultConfigurationIsVisible = 0;
			defaultConfigurationName = Release;
		};
/* End XCConfigurationList section */
	};
	rootObject = C954EAC329B0ABB40013FE49 /* Project object */;
}
